
Microsoft Visual Studio Solution File, Format Version 12.00
# Visual Studio Version 17
VisualStudioVersion = 17.3.32929.385
MinimumVisualStudioVersion = 10.0.40219.1
Project("{FAE04EC0-301F-11D3-BF4B-00C04F79EFBC}") = "HR", "HR\HR.csproj", "{8AC6F184-1C7C-44B4-A825-B827CBB6C912}"
EndProject
Global
	GlobalSection(SolutionConfigurationPlatforms) = preSolution
		Debug|Any CPU = Debug|Any CPU
		Release|Any CPU = Release|Any CPU
	EndGlobalSection
	GlobalSection(ProjectConfigurationPlatforms) = postSolution
		{8AC6F184-1C7C-44B4-A825-B827CBB6C912}.Debug|Any CPU.ActiveCfg = Debug|Any CPU
		{8AC6F184-1C7C-44B4-A825-B827CBB6C912}.Debug|Any CPU.Build.0 = Debug|Any CPU
		{8AC6F184-1C7C-44B4-A825-B827CBB6C912}.Release|Any CPU.ActiveCfg = Release|Any CPU
		{8AC6F184-1C7C-44B4-A825-B827CBB6C912}.Release|Any CPU.Build.0 = Release|Any CPU
	EndGlobalSection
	GlobalSection(SolutionProperties) = preSolution
		HideSolutionNode = FALSE
	EndGlobalSection
	GlobalSection(ExtensibilityGlobals) = postSolution
		SolutionGuid = {45DA5207-223A-4EC0-8A18-5E16D79098D7}
	EndGlobalSection
EndGlobal
